
Microsoft Visual Studio Solution File, Format Version 12.00
# Visual Studio Version 17
VisualStudioVersion = 17.11.35303.130
MinimumVisualStudioVersion = 10.0.40219.1
Project("{FAE04EC0-301F-11D3-BF4B-00C04F79EFBC}") = "Chain_of_Responsibility", "Chain_of_Responsibility.csproj", "{7202E709-1CF1-4B9A-A29C-B97F50CF029D}"
EndProject
Global
	GlobalSection(SolutionConfigurationPlatforms) = preSolution
		Debug|Any CPU = Debug|Any CPU
		Release|Any CPU = Release|Any CPU
	EndGlobalSection
	GlobalSection(ProjectConfigurationPlatforms) = postSolution
		{7202E709-1CF1-4B9A-A29C-B97F50CF029D}.Debug|Any CPU.ActiveCfg = Debug|Any CPU
		{7202E709-1CF1-4B9A-A29C-B97F50CF029D}.Debug|Any CPU.Build.0 = Debug|Any CPU
		{7202E709-1CF1-4B9A-A29C-B97F50CF029D}.Release|Any CPU.ActiveCfg = Release|Any CPU
		{7202E709-1CF1-4B9A-A29C-B97F50CF029D}.Release|Any CPU.Build.0 = Release|Any CPU
	EndGlobalSection
	GlobalSection(SolutionProperties) = preSolution
		HideSolutionNode = FALSE
	EndGlobalSection
	GlobalSection(ExtensibilityGlobals) = postSolution
		SolutionGuid = {D02986DF-997C-46FF-A686-BDE53E34B403}
	EndGlobalSection
EndGlobal
